// !$*UTF8*$!
{
	archiveVersion = 1;
	classes = {
	};
	objectVersion = 56;
	objects = {

/* Begin PBXBuildFile section */
		4D47BB152CE1278A00AD9D9F /* lights_outApp.swift in Sources */ = {isa = PBXBuildFile; fileRef = 4D47BB142CE1278A00AD9D9F /* lights_outApp.swift */; };
		4D47BB192CE1278F00AD9D9F /* Assets.xcassets in Resources */ = {isa = PBXBuildFile; fileRef = 4D47BB182CE1278F00AD9D9F /* Assets.xcassets */; };
		4D47BB1C2CE1278F00AD9D9F /* Preview Assets.xcassets in Resources */ = {isa = PBXBuildFile; fileRef = 4D47BB1B2CE1278F00AD9D9F /* Preview Assets.xcassets */; };
		4D47BB262CE1278F00AD9D9F /* lights_outTests.swift in Sources */ = {isa = PBXBuildFile; fileRef = 4D47BB252CE1278F00AD9D9F /* lights_outTests.swift */; };
		4D47BB302CE1278F00AD9D9F /* lights_outUITests.swift in Sources */ = {isa = PBXBuildFile; fileRef = 4D47BB2F2CE1278F00AD9D9F /* lights_outUITests.swift */; };
		4D47BB322CE1278F00AD9D9F /* lights_outUITestsLaunchTests.swift in Sources */ = {isa = PBXBuildFile; fileRef = 4D47BB312CE1278F00AD9D9F /* lights_outUITestsLaunchTests.swift */; };
		4D47BB3F2CE127F900AD9D9F /* ReactionTimeGameView.swift in Sources */ = {isa = PBXBuildFile; fileRef = 4D47BB3E2CE127F900AD9D9F /* ReactionTimeGameView.swift */; };
		4D47BB412CE1283400AD9D9F /* ReactionTimeGameViewModel.swift in Sources */ = {isa = PBXBuildFile; fileRef = 4D47BB402CE1283400AD9D9F /* ReactionTimeGameViewModel.swift */; };
		4D47BB432CE12D4A00AD9D9F /* extension+color.swift in Sources */ = {isa = PBXBuildFile; fileRef = 4D47BB422CE12D4A00AD9D9F /* extension+color.swift */; };
/* End PBXBuildFile section */

/* Begin PBXContainerItemProxy section */
		4D47BB222CE1278F00AD9D9F /* PBXContainerItemProxy */ = {
			isa = PBXContainerItemProxy;
			containerPortal = 4D47BB092CE1278A00AD9D9F /* Project object */;
			proxyType = 1;
			remoteGlobalIDString = 4D47BB102CE1278A00AD9D9F;
			remoteInfo = "lights out";
		};
		4D47BB2C2CE1278F00AD9D9F /* PBXContainerItemProxy */ = {
			isa = PBXContainerItemProxy;
			containerPortal = 4D47BB092CE1278A00AD9D9F /* Project object */;
			proxyType = 1;
			remoteGlobalIDString = 4D47BB102CE1278A00AD9D9F;
			remoteInfo = "lights out";
		};
/* End PBXContainerItemProxy section */

/* Begin PBXFileReference section */
		4D47BB112CE1278A00AD9D9F /* lights out.app */ = {isa = PBXFileReference; explicitFileType = wrapper.application; includeInIndex = 0; path = "lights out.app"; sourceTree = BUILT_PRODUCTS_DIR; };
		4D47BB142CE1278A00AD9D9F /* lights_outApp.swift */ = {isa = PBXFileReference; lastKnownFileType = sourcecode.swift; path = lights_outApp.swift; sourceTree = "<group>"; };
		4D47BB182CE1278F00AD9D9F /* Assets.xcassets */ = {isa = PBXFileReference; lastKnownFileType = folder.assetcatalog; path = Assets.xcassets; sourceTree = "<group>"; };
		4D47BB1B2CE1278F00AD9D9F /* Preview Assets.xcassets */ = {isa = PBXFileReference; lastKnownFileType = folder.assetcatalog; path = "Preview Assets.xcassets"; sourceTree = "<group>"; };
		4D47BB212CE1278F00AD9D9F /* lights outTests.xctest */ = {isa = PBXFileReference; explicitFileType = wrapper.cfbundle; includeInIndex = 0; path = "lights outTests.xctest"; sourceTree = BUILT_PRODUCTS_DIR; };
		4D47BB252CE1278F00AD9D9F /* lights_outTests.swift */ = {isa = PBXFileReference; lastKnownFileType = sourcecode.swift; path = lights_outTests.swift; sourceTree = "<group>"; };
		4D47BB2B2CE1278F00AD9D9F /* lights outUITests.xctest */ = {isa = PBXFileReference; explicitFileType = wrapper.cfbundle; includeInIndex = 0; path = "lights outUITests.xctest"; sourceTree = BUILT_PRODUCTS_DIR; };
		4D47BB2F2CE1278F00AD9D9F /* lights_outUITests.swift */ = {isa = PBXFileReference; lastKnownFileType = sourcecode.swift; path = lights_outUITests.swift; sourceTree = "<group>"; };
		4D47BB312CE1278F00AD9D9F /* lights_outUITestsLaunchTests.swift */ = {isa = PBXFileReference; lastKnownFileType = sourcecode.swift; path = lights_outUITestsLaunchTests.swift; sourceTree = "<group>"; };
		4D47BB3E2CE127F900AD9D9F /* ReactionTimeGameView.swift */ = {isa = PBXFileReference; lastKnownFileType = sourcecode.swift; path = ReactionTimeGameView.swift; sourceTree = "<group>"; };
		4D47BB402CE1283400AD9D9F /* ReactionTimeGameViewModel.swift */ = {isa = PBXFileReference; lastKnownFileType = sourcecode.swift; path = ReactionTimeGameViewModel.swift; sourceTree = "<group>"; };
		4D47BB422CE12D4A00AD9D9F /* extension+color.swift */ = {isa = PBXFileReference; lastKnownFileType = sourcecode.swift; path = "extension+color.swift"; sourceTree = "<group>"; };
/* End PBXFileReference section */

/* Begin PBXFrameworksBuildPhase section */
		4D47BB0E2CE1278A00AD9D9F /* Frameworks */ = {
			isa = PBXFrameworksBuildPhase;
			buildActionMask = 2147483647;
			files = (
			);
			runOnlyForDeploymentPostprocessing = 0;
		};
		4D47BB1E2CE1278F00AD9D9F /* Frameworks */ = {
			isa = PBXFrameworksBuildPhase;
			buildActionMask = 2147483647;
			files = (
			);
			runOnlyForDeploymentPostprocessing = 0;
		};
		4D47BB282CE1278F00AD9D9F /* Frameworks */ = {
			isa = PBXFrameworksBuildPhase;
			buildActionMask = 2147483647;
			files = (
			);
			runOnlyForDeploymentPostprocessing = 0;
		};
/* End PBXFrameworksBuildPhase section */

/* Begin PBXGroup section */
		4D47BB082CE1278A00AD9D9F = {
			isa = PBXGroup;
			children = (
				4D47BB132CE1278A00AD9D9F /* lights out */,
				4D47BB242CE1278F00AD9D9F /* lights outTests */,
				4D47BB2E2CE1278F00AD9D9F /* lights outUITests */,
				4D47BB122CE1278A00AD9D9F /* Products */,
			);
			sourceTree = "<group>";
		};
		4D47BB122CE1278A00AD9D9F /* Products */ = {
			isa = PBXGroup;
			children = (
				4D47BB112CE1278A00AD9D9F /* lights out.app */,
				4D47BB212CE1278F00AD9D9F /* lights outTests.xctest */,
				4D47BB2B2CE1278F00AD9D9F /* lights outUITests.xctest */,
			);
			name = Products;
			sourceTree = "<group>";
		};
		4D47BB132CE1278A00AD9D9F /* lights out */ = {
			isa = PBXGroup;
			children = (
				4D47BB142CE1278A00AD9D9F /* lights_outApp.swift */,
				4D47BB182CE1278F00AD9D9F /* Assets.xcassets */,
				4D47BB1A2CE1278F00AD9D9F /* Preview Content */,
				4D47BB3E2CE127F900AD9D9F /* ReactionTimeGameView.swift */,
				4D47BB402CE1283400AD9D9F /* ReactionTimeGameViewModel.swift */,
				4D47BB422CE12D4A00AD9D9F /* extension+color.swift */,
			);
			path = "lights out";
			sourceTree = "<group>";
		};
		4D47BB1A2CE1278F00AD9D9F /* Preview Content */ = {
			isa = PBXGroup;
			children = (
				4D47BB1B2CE1278F00AD9D9F /* Preview Assets.xcassets */,
			);
			path = "Preview Content";
			sourceTree = "<group>";
		};
		4D47BB242CE1278F00AD9D9F /* lights outTests */ = {
			isa = PBXGroup;
			children = (
				4D47BB252CE1278F00AD9D9F /* lights_outTests.swift */,
			);
			path = "lights outTests";
			sourceTree = "<group>";
		};
		4D47BB2E2CE1278F00AD9D9F /* lights outUITests */ = {
			isa = PBXGroup;
			children = (
				4D47BB2F2CE1278F00AD9D9F /* lights_outUITests.swift */,
				4D47BB312CE1278F00AD9D9F /* lights_outUITestsLaunchTests.swift */,
			);
			path = "lights outUITests";
			sourceTree = "<group>";
		};
/* End PBXGroup section */

/* Begin PBXNativeTarget section */
		4D47BB102CE1278A00AD9D9F /* lights out */ = {
			isa = PBXNativeTarget;
			buildConfigurationList = 4D47BB352CE1278F00AD9D9F /* Build configuration list for PBXNativeTarget "lights out" */;
			buildPhases = (
				4D47BB0D2CE1278A00AD9D9F /* Sources */,
				4D47BB0E2CE1278A00AD9D9F /* Frameworks */,
				4D47BB0F2CE1278A00AD9D9F /* Resources */,
			);
			buildRules = (
			);
			dependencies = (
			);
			name = "lights out";
			productName = "lights out";
			productReference = 4D47BB112CE1278A00AD9D9F /* lights out.app */;
			productType = "com.apple.product-type.application";
		};
		4D47BB202CE1278F00AD9D9F /* lights outTests */ = {
			isa = PBXNativeTarget;
			buildConfigurationList = 4D47BB382CE1278F00AD9D9F /* Build configuration list for PBXNativeTarget "lights outTests" */;
			buildPhases = (
				4D47BB1D2CE1278F00AD9D9F /* Sources */,
				4D47BB1E2CE1278F00AD9D9F /* Frameworks */,
				4D47BB1F2CE1278F00AD9D9F /* Resources */,
			);
			buildRules = (
			);
			dependencies = (
				4D47BB232CE1278F00AD9D9F /* PBXTargetDependency */,
			);
			name = "lights outTests";
			productName = "lights outTests";
			productReference = 4D47BB212CE1278F00AD9D9F /* lights outTests.xctest */;
			productType = "com.apple.product-type.bundle.unit-test";
		};
		4D47BB2A2CE1278F00AD9D9F /* lights outUITests */ = {
			isa = PBXNativeTarget;
			buildConfigurationList = 4D47BB3B2CE1278F00AD9D9F /* Build configuration list for PBXNativeTarget "lights outUITests" */;
			buildPhases = (
				4D47BB272CE1278F00AD9D9F /* Sources */,
				4D47BB282CE1278F00AD9D9F /* Frameworks */,
				4D47BB292CE1278F00AD9D9F /* Resources */,
			);
			buildRules = (
			);
			dependencies = (
				4D47BB2D2CE1278F00AD9D9F /* PBXTargetDependency */,
			);
			name = "lights outUITests";
			productName = "lights outUITests";
			productReference = 4D47BB2B2CE1278F00AD9D9F /* lights outUITests.xctest */;
			productType = "com.apple.product-type.bundle.ui-testing";
		};
/* End PBXNativeTarget section */

/* Begin PBXProject section */
		4D47BB092CE1278A00AD9D9F /* Project object */ = {
			isa = PBXProject;
			attributes = {
				BuildIndependentTargetsInParallel = 1;
				LastSwiftUpdateCheck = 1530;
				LastUpgradeCheck = 1530;
				TargetAttributes = {
					4D47BB102CE1278A00AD9D9F = {
						CreatedOnToolsVersion = 15.3;
					};
					4D47BB202CE1278F00AD9D9F = {
						CreatedOnToolsVersion = 15.3;
						TestTargetID = 4D47BB102CE1278A00AD9D9F;
					};
					4D47BB2A2CE1278F00AD9D9F = {
						CreatedOnToolsVersion = 15.3;
						TestTargetID = 4D47BB102CE1278A00AD9D9F;
					};
				};
			};
			buildConfigurationList = 4D47BB0C2CE1278A00AD9D9F /* Build configuration list for PBXProject "lights out" */;
			compatibilityVersion = "Xcode 14.0";
			developmentRegion = en;
			hasScannedForEncodings = 0;
			knownRegions = (
				en,
				Base,
			);
			mainGroup = 4D47BB082CE1278A00AD9D9F;
			productRefGroup = 4D47BB122CE1278A00AD9D9F /* Products */;
			projectDirPath = "";
			projectRoot = "";
			targets = (
				4D47BB102CE1278A00AD9D9F /* lights out */,
				4D47BB202CE1278F00AD9D9F /* lights outTests */,
				4D47BB2A2CE1278F00AD9D9F /* lights outUITests */,
			);
		};
/* End PBXProject section */

/* Begin PBXResourcesBuildPhase section */
		4D47BB0F2CE1278A00AD9D9F /* Resources */ = {
			isa = PBXResourcesBuildPhase;
			buildActionMask = 2147483647;
			files = (
				4D47BB1C2CE1278F00AD9D9F /* Preview Assets.xcassets in Resources */,
				4D47BB192CE1278F00AD9D9F /* Assets.xcassets in Resources */,
			);
			runOnlyForDeploymentPostprocessing = 0;
		};
		4D47BB1F2CE1278F00AD9D9F /* Resources */ = {
			isa = PBXResourcesBuildPhase;
			buildActionMask = 2147483647;
			files = (
			);
			runOnlyForDeploymentPostprocessing = 0;
		};
		4D47BB292CE1278F00AD9D9F /* Resources */ = {
			isa = PBXResourcesBuildPhase;
			buildActionMask = 2147483647;
			files = (
			);
			runOnlyForDeploymentPostprocessing = 0;
		};
/* End PBXResourcesBuildPhase section */

/* Begin PBXSourcesBuildPhase section */
		4D47BB0D2CE1278A00AD9D9F /* Sources */ = {
			isa = PBXSourcesBuildPhase;
			buildActionMask = 2147483647;
			files = (
				4D47BB412CE1283400AD9D9F /* ReactionTimeGameViewModel.swift in Sources */,
				4D47BB3F2CE127F900AD9D9F /* ReactionTimeGameView.swift in Sources */,
				4D47BB152CE1278A00AD9D9F /* lights_outApp.swift in Sources */,
				4D47BB432CE12D4A00AD9D9F /* extension+color.swift in Sources */,
			);
			runOnlyForDeploymentPostprocessing = 0;
		};
		4D47BB1D2CE1278F00AD9D9F /* Sources */ = {
			isa = PBXSourcesBuildPhase;
			buildActionMask = 2147483647;
			files = (
				4D47BB262CE1278F00AD9D9F /* lights_outTests.swift in Sources */,
			);
			runOnlyForDeploymentPostprocessing = 0;
		};
		4D47BB272CE1278F00AD9D9F /* Sources */ = {
			isa = PBXSourcesBuildPhase;
			buildActionMask = 2147483647;
			files = (
				4D47BB322CE1278F00AD9D9F /* lights_outUITestsLaunchTests.swift in Sources */,
				4D47BB302CE1278F00AD9D9F /* lights_outUITests.swift in Sources */,
			);
			runOnlyForDeploymentPostprocessing = 0;
		};
/* End PBXSourcesBuildPhase section */

/* Begin PBXTargetDependency section */
		4D47BB232CE1278F00AD9D9F /* PBXTargetDependency */ = {
			isa = PBXTargetDependency;
			target = 4D47BB102CE1278A00AD9D9F /* lights out */;
			targetProxy = 4D47BB222CE1278F00AD9D9F /* PBXContainerItemProxy */;
		};
		4D47BB2D2CE1278F00AD9D9F /* PBXTargetDependency */ = {
			isa = PBXTargetDependency;
			target = 4D47BB102CE1278A00AD9D9F /* lights out */;
			targetProxy = 4D47BB2C2CE1278F00AD9D9F /* PBXContainerItemProxy */;
		};
/* End PBXTargetDependency section */

/* Begin XCBuildConfiguration section */
		4D47BB332CE1278F00AD9D9F /* Debug */ = {
			isa = XCBuildConfiguration;
			buildSettings = {
				ALWAYS_SEARCH_USER_PATHS = NO;
				ASSETCATALOG_COMPILER_GENERATE_SWIFT_ASSET_SYMBOL_EXTENSIONS = YES;
				CLANG_ANALYZER_NONNULL = YES;
				CLANG_ANALYZER_NUMBER_OBJECT_CONVERSION = YES_AGGRESSIVE;
				CLANG_CXX_LANGUAGE_STANDARD = "gnu++20";
				CLANG_ENABLE_MODULES = YES;
				CLANG_ENABLE_OBJC_ARC = YES;
				CLANG_ENABLE_OBJC_WEAK = YES;
				CLANG_WARN_BLOCK_CAPTURE_AUTORELEASING = YES;
				CLANG_WARN_BOOL_CONVERSION = YES;
				CLANG_WARN_COMMA = YES;
				CLANG_WARN_CONSTANT_CONVERSION = YES;
				CLANG_WARN_DEPRECATED_OBJC_IMPLEMENTATIONS = YES;
				CLANG_WARN_DIRECT_OBJC_ISA_USAGE = YES_ERROR;
				CLANG_WARN_DOCUMENTATION_COMMENTS = YES;
				CLANG_WARN_EMPTY_BODY = YES;
				CLANG_WARN_ENUM_CONVERSION = YES;
				CLANG_WARN_INFINITE_RECURSION = YES;
				CLANG_WARN_INT_CONVERSION = YES;
				CLANG_WARN_NON_LITERAL_NULL_CONVERSION = YES;
				CLANG_WARN_OBJC_IMPLICIT_RETAIN_SELF = YES;
				CLANG_WARN_OBJC_LITERAL_CONVERSION = YES;
				CLANG_WARN_OBJC_ROOT_CLASS = YES_ERROR;
				CLANG_WARN_QUOTED_INCLUDE_IN_FRAMEWORK_HEADER = YES;
				CLANG_WARN_RANGE_LOOP_ANALYSIS = YES;
				CLANG_WARN_STRICT_PROTOTYPES = YES;
				CLANG_WARN_SUSPICIOUS_MOVE = YES;
				CLANG_WARN_UNGUARDED_AVAILABILITY = YES_AGGRESSIVE;
				CLANG_WARN_UNREACHABLE_CODE = YES;
				CLANG_WARN__DUPLICATE_METHOD_MATCH = YES;
				COPY_PHASE_STRIP = NO;
				DEBUG_INFORMATION_FORMAT = dwarf;
				ENABLE_STRICT_OBJC_MSGSEND = YES;
				ENABLE_TESTABILITY = YES;
				ENABLE_USER_SCRIPT_SANDBOXING = YES;
				GCC_C_LANGUAGE_STANDARD = gnu17;
				GCC_DYNAMIC_NO_PIC = NO;
				GCC_NO_COMMON_BLOCKS = YES;
				GCC_OPTIMIZATION_LEVEL = 0;
				GCC_PREPROCESSOR_DEFINITIONS = (
					"DEBUG=1",
					"$(inherited)",
				);
				GCC_WARN_64_TO_32_BIT_CONVERSION = YES;
				GCC_WARN_ABOUT_RETURN_TYPE = YES_ERROR;
				GCC_WARN_UNDECLARED_SELECTOR = YES;
				GCC_WARN_UNINITIALIZED_AUTOS = YES_AGGRESSIVE;
				GCC_WARN_UNUSED_FUNCTION = YES;
				GCC_WARN_UNUSED_VARIABLE = YES;
				IPHONEOS_DEPLOYMENT_TARGET = 17.4;
				LOCALIZATION_PREFERS_STRING_CATALOGS = YES;
				MTL_ENABLE_DEBUG_INFO = INCLUDE_SOURCE;
				MTL_FAST_MATH = YES;
				ONLY_ACTIVE_ARCH = YES;
				SDKROOT = iphoneos;
				SWIFT_ACTIVE_COMPILATION_CONDITIONS = "DEBUG $(inherited)";
				SWIFT_OPTIMIZATION_LEVEL = "-Onone";
			};
			name = Debug;
		};
		4D47BB342CE1278F00AD9D9F /* Release */ = {
			isa = XCBuildConfiguration;
			buildSettings = {
				ALWAYS_SEARCH_USER_PATHS = NO;
				ASSETCATALOG_COMPILER_GENERATE_SWIFT_ASSET_SYMBOL_EXTENSIONS = YES;
				CLANG_ANALYZER_NONNULL = YES;
				CLANG_ANALYZER_NUMBER_OBJECT_CONVERSION = YES_AGGRESSIVE;
				CLANG_CXX_LANGUAGE_STANDARD = "gnu++20";
				CLANG_ENABLE_MODULES = YES;
				CLANG_ENABLE_OBJC_ARC = YES;
				CLANG_ENABLE_OBJC_WEAK = YES;
				CLANG_WARN_BLOCK_CAPTURE_AUTORELEASING = YES;
				CLANG_WARN_BOOL_CONVERSION = YES;
				CLANG_WARN_COMMA = YES;
				CLANG_WARN_CONSTANT_CONVERSION = YES;
				CLANG_WARN_DEPRECATED_OBJC_IMPLEMENTATIONS = YES;
				CLANG_WARN_DIRECT_OBJC_ISA_USAGE = YES_ERROR;
				CLANG_WARN_DOCUMENTATION_COMMENTS = YES;
				CLANG_WARN_EMPTY_BODY = YES;
				CLANG_WARN_ENUM_CONVERSION = YES;
				CLANG_WARN_INFINITE_RECURSION = YES;
				CLANG_WARN_INT_CONVERSION = YES;
				CLANG_WARN_NON_LITERAL_NULL_CONVERSION = YES;
				CLANG_WARN_OBJC_IMPLICIT_RETAIN_SELF = YES;
				CLANG_WARN_OBJC_LITERAL_CONVERSION = YES;
				CLANG_WARN_OBJC_ROOT_CLASS = YES_ERROR;
				CLANG_WARN_QUOTED_INCLUDE_IN_FRAMEWORK_HEADER = YES;
				CLANG_WARN_RANGE_LOOP_ANALYSIS = YES;
				CLANG_WARN_STRICT_PROTOTYPES = YES;
				CLANG_WARN_SUSPICIOUS_MOVE = YES;
				CLANG_WARN_UNGUARDED_AVAILABILITY = YES_AGGRESSIVE;
				CLANG_WARN_UNREACHABLE_CODE = YES;
				CLANG_WARN__DUPLICATE_METHOD_MATCH = YES;
				COPY_PHASE_STRIP = NO;
				DEBUG_INFORMATION_FORMAT = "dwarf-with-dsym";
				ENABLE_NS_ASSERTIONS = NO;
				ENABLE_STRICT_OBJC_MSGSEND = YES;
				ENABLE_USER_SCRIPT_SANDBOXING = YES;
				GCC_C_LANGUAGE_STANDARD = gnu17;
				GCC_NO_COMMON_BLOCKS = YES;
				GCC_WARN_64_TO_32_BIT_CONVERSION = YES;
				GCC_WARN_ABOUT_RETURN_TYPE = YES_ERROR;
				GCC_WARN_UNDECLARED_SELECTOR = YES;
				GCC_WARN_UNINITIALIZED_AUTOS = YES_AGGRESSIVE;
				GCC_WARN_UNUSED_FUNCTION = YES;
				GCC_WARN_UNUSED_VARIABLE = YES;
				IPHONEOS_DEPLOYMENT_TARGET = 17.4;
				LOCALIZATION_PREFERS_STRING_CATALOGS = YES;
				MTL_ENABLE_DEBUG_INFO = NO;
				MTL_FAST_MATH = YES;
				SDKROOT = iphoneos;
				SWIFT_COMPILATION_MODE = wholemodule;
				VALIDATE_PRODUCT = YES;
			};
			name = Release;
		};
		4D47BB362CE1278F00AD9D9F /* Debug */ = {
			isa = XCBuildConfiguration;
			buildSettings = {
				ASSETCATALOG_COMPILER_APPICON_NAME = AppIcon;
				ASSETCATALOG_COMPILER_GLOBAL_ACCENT_COLOR_NAME = AccentColor;
				CODE_SIGN_STYLE = Automatic;
				CURRENT_PROJECT_VERSION = 1;
				DEVELOPMENT_ASSET_PATHS = "\"lights out/Preview Content\"";
				DEVELOPMENT_TEAM = CHTQ3LBKQ9;
				ENABLE_PREVIEWS = YES;
				GENERATE_INFOPLIST_FILE = YES;
				INFOPLIST_KEY_UIApplicationSceneManifest_Generation = YES;
				INFOPLIST_KEY_UIApplicationSupportsIndirectInputEvents = YES;
				INFOPLIST_KEY_UILaunchScreen_Generation = YES;
				INFOPLIST_KEY_UISupportedInterfaceOrientations_iPad = "UIInterfaceOrientationPortrait UIInterfaceOrientationPortraitUpsideDown UIInterfaceOrientationLandscapeLeft UIInterfaceOrientationLandscapeRight";
				INFOPLIST_KEY_UISupportedInterfaceOrientations_iPhone = "UIInterfaceOrientationPortrait UIInterfaceOrientationLandscapeLeft UIInterfaceOrientationLandscapeRight";
				LD_RUNPATH_SEARCH_PATHS = (
					"$(inherited)",
					"@executable_path/Frameworks",
				);
				MARKETING_VERSION = 1.0;
				PRODUCT_BUNDLE_IDENTIFIER = "com.nemes1s.lights-out";
				PRODUCT_NAME = "$(TARGET_NAME)";
				SWIFT_EMIT_LOC_STRINGS = YES;
				SWIFT_VERSION = 5.0;
				TARGETED_DEVICE_FAMILY = "1,2";
			};
			name = Debug;
		};
		4D47BB372CE1278F00AD9D9F /* Release */ = {
			isa = XCBuildConfiguration;
			buildSettings = {
				ASSETCATALOG_COMPILER_APPICON_NAME = AppIcon;
				ASSETCATALOG_COMPILER_GLOBAL_ACCENT_COLOR_NAME = AccentColor;
				CODE_SIGN_STYLE = Automatic;
				CURRENT_PROJECT_VERSION = 1;
				DEVELOPMENT_ASSET_PATHS = "\"lights out/Preview Content\"";
				DEVELOPMENT_TEAM = CHTQ3LBKQ9;
				ENABLE_PREVIEWS = YES;
				GENERATE_INFOPLIST_FILE = YES;
				INFOPLIST_KEY_UIApplicationSceneManifest_Generation = YES;
				INFOPLIST_KEY_UIApplicationSupportsIndirectInputEvents = YES;
				INFOPLIST_KEY_UILaunchScreen_Generation = YES;
				INFOPLIST_KEY_UISupportedInterfaceOrientations_iPad = "UIInterfaceOrientationPortrait UIInterfaceOrientationPortraitUpsideDown UIInterfaceOrientationLandscapeLeft UIInterfaceOrientationLandscapeRight";
				INFOPLIST_KEY_UISupportedInterfaceOrientations_iPhone = "UIInterfaceOrientationPortrait UIInterfaceOrientationLandscapeLeft UIInterfaceOrientationLandscapeRight";
				LD_RUNPATH_SEARCH_PATHS = (
					"$(inherited)",
					"@executable_path/Frameworks",
				);
				MARKETING_VERSION = 1.0;
				PRODUCT_BUNDLE_IDENTIFIER = "com.nemes1s.lights-out";
				PRODUCT_NAME = "$(TARGET_NAME)";
				SWIFT_EMIT_LOC_STRINGS = YES;
				SWIFT_VERSION = 5.0;
				TARGETED_DEVICE_FAMILY = "1,2";
			};
			name = Release;
		};
		4D47BB392CE1278F00AD9D9F /* Debug */ = {
			isa = XCBuildConfiguration;
			buildSettings = {
				ALWAYS_EMBED_SWIFT_STANDARD_LIBRARIES = YES;
				BUNDLE_LOADER = "$(TEST_HOST)";
				CODE_SIGN_STYLE = Automatic;
				CURRENT_PROJECT_VERSION = 1;
				DEVELOPMENT_TEAM = CHTQ3LBKQ9;
				GENERATE_INFOPLIST_FILE = YES;
				IPHONEOS_DEPLOYMENT_TARGET = 17.4;
				MARKETING_VERSION = 1.0;
				PRODUCT_BUNDLE_IDENTIFIER = "com.nemes1s.lights-outTests";
				PRODUCT_NAME = "$(TARGET_NAME)";
				SWIFT_EMIT_LOC_STRINGS = NO;
				SWIFT_VERSION = 5.0;
				TARGETED_DEVICE_FAMILY = "1,2";
				TEST_HOST = "$(BUILT_PRODUCTS_DIR)/lights out.app/$(BUNDLE_EXECUTABLE_FOLDER_PATH)/lights out";
			};
			name = Debug;
		};
		4D47BB3A2CE1278F00AD9D9F /* Release */ = {
			isa = XCBuildConfiguration;
			buildSettings = {
				ALWAYS_EMBED_SWIFT_STANDARD_LIBRARIES = YES;
				BUNDLE_LOADER = "$(TEST_HOST)";
				CODE_SIGN_STYLE = Automatic;
				CURRENT_PROJECT_VERSION = 1;
				DEVELOPMENT_TEAM = CHTQ3LBKQ9;
				GENERATE_INFOPLIST_FILE = YES;
				IPHONEOS_DEPLOYMENT_TARGET = 17.4;
				MARKETING_VERSION = 1.0;
				PRODUCT_BUNDLE_IDENTIFIER = "com.nemes1s.lights-outTests";
				PRODUCT_NAME = "$(TARGET_NAME)";
				SWIFT_EMIT_LOC_STRINGS = NO;
				SWIFT_VERSION = 5.0;
				TARGETED_DEVICE_FAMILY = "1,2";
				TEST_HOST = "$(BUILT_PRODUCTS_DIR)/lights out.app/$(BUNDLE_EXECUTABLE_FOLDER_PATH)/lights out";
			};
			name = Release;
		};
		4D47BB3C2CE1278F00AD9D9F /* Debug */ = {
			isa = XCBuildConfiguration;
			buildSettings = {
				ALWAYS_EMBED_SWIFT_STANDARD_LIBRARIES = YES;
				CODE_SIGN_STYLE = Automatic;
				CURRENT_PROJECT_VERSION = 1;
				DEVELOPMENT_TEAM = CHTQ3LBKQ9;
				GENERATE_INFOPLIST_FILE = YES;
				MARKETING_VERSION = 1.0;
				PRODUCT_BUNDLE_IDENTIFIER = "com.nemes1s.lights-outUITests";
				PRODUCT_NAME = "$(TARGET_NAME)";
				SWIFT_EMIT_LOC_STRINGS = NO;
				SWIFT_VERSION = 5.0;
				TARGETED_DEVICE_FAMILY = "1,2";
				TEST_TARGET_NAME = "lights out";
			};
			name = Debug;
		};
		4D47BB3D2CE1278F00AD9D9F /* Release */ = {
			isa = XCBuildConfiguration;
			buildSettings = {
				ALWAYS_EMBED_SWIFT_STANDARD_LIBRARIES = YES;
				CODE_SIGN_STYLE = Automatic;
				CURRENT_PROJECT_VERSION = 1;
				DEVELOPMENT_TEAM = CHTQ3LBKQ9;
				GENERATE_INFOPLIST_FILE = YES;
				MARKETING_VERSION = 1.0;
				PRODUCT_BUNDLE_IDENTIFIER = "com.nemes1s.lights-outUITests";
				PRODUCT_NAME = "$(TARGET_NAME)";
				SWIFT_EMIT_LOC_STRINGS = NO;
				SWIFT_VERSION = 5.0;
				TARGETED_DEVICE_FAMILY = "1,2";
				TEST_TARGET_NAME = "lights out";
			};
			name = Release;
		};
/* End XCBuildConfiguration section */

/* Begin XCConfigurationList section */
		4D47BB0C2CE1278A00AD9D9F /* Build configuration list for PBXProject "lights out" */ = {
			isa = XCConfigurationList;
			buildConfigurations = (
				4D47BB332CE1278F00AD9D9F /* Debug */,
				4D47BB342CE1278F00AD9D9F /* Release */,
			);
			defaultConfigurationIsVisible = 0;
			defaultConfigurationName = Release;
		};
		4D47BB352CE1278F00AD9D9F /* Build configuration list for PBXNativeTarget "lights out" */ = {
			isa = XCConfigurationList;
			buildConfigurations = (
				4D47BB362CE1278F00AD9D9F /* Debug */,
				4D47BB372CE1278F00AD9D9F /* Release */,
			);
			defaultConfigurationIsVisible = 0;
			defaultConfigurationName = Release;
		};
		4D47BB382CE1278F00AD9D9F /* Build configuration list for PBXNativeTarget "lights outTests" */ = {
			isa = XCConfigurationList;
			buildConfigurations = (
				4D47BB392CE1278F00AD9D9F /* Debug */,
				4D47BB3A2CE1278F00AD9D9F /* Release */,
			);
			defaultConfigurationIsVisible = 0;
			defaultConfigurationName = Release;
		};
		4D47BB3B2CE1278F00AD9D9F /* Build configuration list for PBXNativeTarget "lights outUITests" */ = {
			isa = XCConfigurationList;
			buildConfigurations = (
				4D47BB3C2CE1278F00AD9D9F /* Debug */,
				4D47BB3D2CE1278F00AD9D9F /* Release */,
			);
			defaultConfigurationIsVisible = 0;
			defaultConfigurationName = Release;
		};
/* End XCConfigurationList section */
	};
	rootObject = 4D47BB092CE1278A00AD9D9F /* Project object */;
}
